
Microsoft Visual Studio Solution File, Format Version 12.00
# Visual Studio Version 16
VisualStudioVersion = 16.0.29806.167
MinimumVisualStudioVersion = 10.0.40219.1
Project("{9A19103F-16F7-4668-BE54-9A1E7A4F7556}") = "HungarianBankAccount", "HungarianBankAccount\HungarianBankAccount.csproj", "{B9F68734-9EFE-4B17-9B46-5C2EFA269E7A}"
EndProject
Project("{9A19103F-16F7-4668-BE54-9A1E7A4F7556}") = "HungarianBankAccountTests", "HungarianBankAccountTests\HungarianBankAccountTests.csproj", "{0BC9151E-30A6-46C7-A424-AA876252ADC8}"
EndProject
Project("{9A19103F-16F7-4668-BE54-9A1E7A4F7556}") = "HungarianBankAccountExamples", "HungarianBankAccountExamples\HungarianBankAccountExamples.csproj", "{D57E73DD-8593-403D-BA1A-008ACF3234E2}"
EndProject
Global
	GlobalSection(SolutionConfigurationPlatforms) = preSolution
		Debug|Any CPU = Debug|Any CPU
		Release|Any CPU = Release|Any CPU
	EndGlobalSection
	GlobalSection(ProjectConfigurationPlatforms) = postSolution
		{B9F68734-9EFE-4B17-9B46-5C2EFA269E7A}.Debug|Any CPU.ActiveCfg = Debug|Any CPU
		{B9F68734-9EFE-4B17-9B46-5C2EFA269E7A}.Debug|Any CPU.Build.0 = Debug|Any CPU
		{B9F68734-9EFE-4B17-9B46-5C2EFA269E7A}.Release|Any CPU.ActiveCfg = Release|Any CPU
		{B9F68734-9EFE-4B17-9B46-5C2EFA269E7A}.Release|Any CPU.Build.0 = Release|Any CPU
		{0BC9151E-30A6-46C7-A424-AA876252ADC8}.Debug|Any CPU.ActiveCfg = Debug|Any CPU
		{0BC9151E-30A6-46C7-A424-AA876252ADC8}.Debug|Any CPU.Build.0 = Debug|Any CPU
		{0BC9151E-30A6-46C7-A424-AA876252ADC8}.Release|Any CPU.ActiveCfg = Release|Any CPU
		{0BC9151E-30A6-46C7-A424-AA876252ADC8}.Release|Any CPU.Build.0 = Release|Any CPU
		{D57E73DD-8593-403D-BA1A-008ACF3234E2}.Debug|Any CPU.ActiveCfg = Debug|Any CPU
		{D57E73DD-8593-403D-BA1A-008ACF3234E2}.Debug|Any CPU.Build.0 = Debug|Any CPU
		{D57E73DD-8593-403D-BA1A-008ACF3234E2}.Release|Any CPU.ActiveCfg = Release|Any CPU
		{D57E73DD-8593-403D-BA1A-008ACF3234E2}.Release|Any CPU.Build.0 = Release|Any CPU
	EndGlobalSection
	GlobalSection(SolutionProperties) = preSolution
		HideSolutionNode = FALSE
	EndGlobalSection
	GlobalSection(ExtensibilityGlobals) = postSolution
		SolutionGuid = {08383AAC-75CE-4F15-B676-B226BBA31A41}
	EndGlobalSection
EndGlobal
